
Microsoft Visual Studio Solution File, Format Version 12.00
# Visual Studio 15
VisualStudioVersion = 15.0.27130.2024
MinimumVisualStudioVersion = 10.0.40219.1
Project("{8BC9CEB8-8B4A-11D0-8D11-00A0C91BC942}") = "gcc_rtti", "gcc_rtti\gcc_rtti.vcxproj", "{1C76E780-917D-45FF-852B-F007D47D4972}"
EndProject
Global
	GlobalSection(SolutionConfigurationPlatforms) = preSolution
		Debug 32|x64 = Debug 32|x64
		Debug 32|x86 = Debug 32|x86
		Debug 64|x64 = Debug 64|x64
		Debug 64|x86 = Debug 64|x86
		Release 32|x64 = Release 32|x64
		Release 32|x86 = Release 32|x86
		Release 64|x64 = Release 64|x64
		Release 64|x86 = Release 64|x86
	EndGlobalSection
	GlobalSection(ProjectConfigurationPlatforms) = postSolution
		{1C76E780-917D-45FF-852B-F007D47D4972}.Debug 32|x64.ActiveCfg = Debug 32|x64
		{1C76E780-917D-45FF-852B-F007D47D4972}.Debug 32|x64.Build.0 = Debug 32|x64
		{1C76E780-917D-45FF-852B-F007D47D4972}.Debug 32|x86.ActiveCfg = Debug 32|Win32
		{1C76E780-917D-45FF-852B-F007D47D4972}.Debug 32|x86.Build.0 = Debug 32|Win32
		{1C76E780-917D-45FF-852B-F007D47D4972}.Debug 64|x64.ActiveCfg = Debug 64|x64
		{1C76E780-917D-45FF-852B-F007D47D4972}.Debug 64|x64.Build.0 = Debug 64|x64
		{1C76E780-917D-45FF-852B-F007D47D4972}.Debug 64|x86.ActiveCfg = Debug 64|Win32
		{1C76E780-917D-45FF-852B-F007D47D4972}.Debug 64|x86.Build.0 = Debug 64|Win32
		{1C76E780-917D-45FF-852B-F007D47D4972}.Release 32|x64.ActiveCfg = Release 32|x64
		{1C76E780-917D-45FF-852B-F007D47D4972}.Release 32|x64.Build.0 = Release 32|x64
		{1C76E780-917D-45FF-852B-F007D47D4972}.Release 32|x86.ActiveCfg = Release 32|Win32
		{1C76E780-917D-45FF-852B-F007D47D4972}.Release 32|x86.Build.0 = Release 32|Win32
		{1C76E780-917D-45FF-852B-F007D47D4972}.Release 64|x64.ActiveCfg = Release 64|x64
		{1C76E780-917D-45FF-852B-F007D47D4972}.Release 64|x64.Build.0 = Release 64|x64
		{1C76E780-917D-45FF-852B-F007D47D4972}.Release 64|x86.ActiveCfg = Release 64|Win32
		{1C76E780-917D-45FF-852B-F007D47D4972}.Release 64|x86.Build.0 = Release 64|Win32
	EndGlobalSection
	GlobalSection(SolutionProperties) = preSolution
		HideSolutionNode = FALSE
	EndGlobalSection
	GlobalSection(ExtensibilityGlobals) = postSolution
		SolutionGuid = {673B68F5-55B1-40D3-B215-3B6C6033F4EF}
	EndGlobalSection
EndGlobal
